
Microsoft Visual Studio Solution File, Format Version 12.00
# Visual Studio Version 17
VisualStudioVersion = 17.8.34525.116
MinimumVisualStudioVersion = 10.0.40219.1
Project("{FAE04EC0-301F-11D3-BF4B-00C04F79EFBC}") = "Example_tel_bot", "Example_tel_bot\Example_tel_bot.csproj", "{D2BCFAC5-45C3-424B-804B-5467667D16CE}"
EndProject
Global
	GlobalSection(SolutionConfigurationPlatforms) = preSolution
		Debug|Any CPU = Debug|Any CPU
		Release|Any CPU = Release|Any CPU
	EndGlobalSection
	GlobalSection(ProjectConfigurationPlatforms) = postSolution
		{D2BCFAC5-45C3-424B-804B-5467667D16CE}.Debug|Any CPU.ActiveCfg = Debug|Any CPU
		{D2BCFAC5-45C3-424B-804B-5467667D16CE}.Debug|Any CPU.Build.0 = Debug|Any CPU
		{D2BCFAC5-45C3-424B-804B-5467667D16CE}.Release|Any CPU.ActiveCfg = Release|Any CPU
		{D2BCFAC5-45C3-424B-804B-5467667D16CE}.Release|Any CPU.Build.0 = Release|Any CPU
	EndGlobalSection
	GlobalSection(SolutionProperties) = preSolution
		HideSolutionNode = FALSE
	EndGlobalSection
	GlobalSection(ExtensibilityGlobals) = postSolution
		SolutionGuid = {1175A65C-1B17-4A0C-8A29-92D76770CA7A}
	EndGlobalSection
EndGlobal
